
Microsoft Visual Studio Solution File, Format Version 12.00
# Visual Studio Version 17
VisualStudioVersion = 17.5.33424.131
MinimumVisualStudioVersion = 10.0.40219.1
Project("{FAE04EC0-301F-11D3-BF4B-00C04F79EFBC}") = "DataStructure", "DataStructure.csproj", "{9A4967C6-C6CA-4E6C-9153-6E23F0B6C2F0}"
EndProject
Project("{FAE04EC0-301F-11D3-BF4B-00C04F79EFBC}") = "QueueUsingLinkedList", "..\QueueUsingLinkedList\QueueUsingLinkedList.csproj", "{08A9B24C-8DE9-4A88-A96C-24FE7B6B30C2}"
EndProject
Project("{FAE04EC0-301F-11D3-BF4B-00C04F79EFBC}") = "StackUsingLinkedList", "..\StackUsingLinkedList\StackUsingLinkedList.csproj", "{46095EB8-5181-4CA9-AF1B-981A7B7F788D}"
EndProject
Global
	GlobalSection(SolutionConfigurationPlatforms) = preSolution
		Debug|Any CPU = Debug|Any CPU
		Release|Any CPU = Release|Any CPU
	EndGlobalSection
	GlobalSection(ProjectConfigurationPlatforms) = postSolution
		{9A4967C6-C6CA-4E6C-9153-6E23F0B6C2F0}.Debug|Any CPU.ActiveCfg = Debug|Any CPU
		{9A4967C6-C6CA-4E6C-9153-6E23F0B6C2F0}.Debug|Any CPU.Build.0 = Debug|Any CPU
		{9A4967C6-C6CA-4E6C-9153-6E23F0B6C2F0}.Release|Any CPU.ActiveCfg = Release|Any CPU
		{9A4967C6-C6CA-4E6C-9153-6E23F0B6C2F0}.Release|Any CPU.Build.0 = Release|Any CPU
		{08A9B24C-8DE9-4A88-A96C-24FE7B6B30C2}.Debug|Any CPU.ActiveCfg = Debug|Any CPU
		{08A9B24C-8DE9-4A88-A96C-24FE7B6B30C2}.Debug|Any CPU.Build.0 = Debug|Any CPU
		{08A9B24C-8DE9-4A88-A96C-24FE7B6B30C2}.Release|Any CPU.ActiveCfg = Release|Any CPU
		{08A9B24C-8DE9-4A88-A96C-24FE7B6B30C2}.Release|Any CPU.Build.0 = Release|Any CPU
		{46095EB8-5181-4CA9-AF1B-981A7B7F788D}.Debug|Any CPU.ActiveCfg = Debug|Any CPU
		{46095EB8-5181-4CA9-AF1B-981A7B7F788D}.Debug|Any CPU.Build.0 = Debug|Any CPU
		{46095EB8-5181-4CA9-AF1B-981A7B7F788D}.Release|Any CPU.ActiveCfg = Release|Any CPU
		{46095EB8-5181-4CA9-AF1B-981A7B7F788D}.Release|Any CPU.Build.0 = Release|Any CPU
	EndGlobalSection
	GlobalSection(SolutionProperties) = preSolution
		HideSolutionNode = FALSE
	EndGlobalSection
	GlobalSection(ExtensibilityGlobals) = postSolution
		SolutionGuid = {CAB15FA6-30D2-48F5-BC5F-5EE42C10BB09}
	EndGlobalSection
EndGlobal
